
Microsoft Visual Studio Solution File, Format Version 12.00
# Visual Studio Version 16
VisualStudioVersion = 16.0.31911.196
MinimumVisualStudioVersion = 10.0.40219.1
Project("{FAE04EC0-301F-11D3-BF4B-00C04F79EFBC}") = "Server", "Server\Server.csproj", "{C7F5A9D9-7125-448D-826E-A073B204ABB5}"
EndProject
Global
	GlobalSection(SolutionConfigurationPlatforms) = preSolution
		Debug|Any CPU = Debug|Any CPU
		Release|Any CPU = Release|Any CPU
	EndGlobalSection
	GlobalSection(ProjectConfigurationPlatforms) = postSolution
		{C7F5A9D9-7125-448D-826E-A073B204ABB5}.Debug|Any CPU.ActiveCfg = Debug|Any CPU
		{C7F5A9D9-7125-448D-826E-A073B204ABB5}.Debug|Any CPU.Build.0 = Debug|Any CPU
		{C7F5A9D9-7125-448D-826E-A073B204ABB5}.Release|Any CPU.ActiveCfg = Release|Any CPU
		{C7F5A9D9-7125-448D-826E-A073B204ABB5}.Release|Any CPU.Build.0 = Release|Any CPU
	EndGlobalSection
	GlobalSection(SolutionProperties) = preSolution
		HideSolutionNode = FALSE
	EndGlobalSection
	GlobalSection(ExtensibilityGlobals) = postSolution
		SolutionGuid = {FAE3AC73-B448-4E42-AEB6-7C5E229AC334}
	EndGlobalSection
EndGlobal
